
Microsoft Visual Studio Solution File, Format Version 12.00
# Visual Studio Version 17
VisualStudioVersion = 17.9.34622.214
MinimumVisualStudioVersion = 10.0.40219.1
Project("{FAE04EC0-301F-11D3-BF4B-00C04F79EFBC}") = "HumanResourceManagement", "HumanResourceManagement.csproj", "{F572B251-93E7-4C0A-9623-62C066448E4D}"
EndProject
Global
	GlobalSection(SolutionConfigurationPlatforms) = preSolution
		Debug|Any CPU = Debug|Any CPU
		Release|Any CPU = Release|Any CPU
	EndGlobalSection
	GlobalSection(ProjectConfigurationPlatforms) = postSolution
		{F572B251-93E7-4C0A-9623-62C066448E4D}.Debug|Any CPU.ActiveCfg = Debug|Any CPU
		{F572B251-93E7-4C0A-9623-62C066448E4D}.Debug|Any CPU.Build.0 = Debug|Any CPU
		{F572B251-93E7-4C0A-9623-62C066448E4D}.Release|Any CPU.ActiveCfg = Release|Any CPU
		{F572B251-93E7-4C0A-9623-62C066448E4D}.Release|Any CPU.Build.0 = Release|Any CPU
	EndGlobalSection
	GlobalSection(SolutionProperties) = preSolution
		HideSolutionNode = FALSE
	EndGlobalSection
	GlobalSection(ExtensibilityGlobals) = postSolution
		SolutionGuid = {F199E5B8-EA84-403A-91A9-5B25472686BB}
	EndGlobalSection
EndGlobal
